
Microsoft Visual Studio Solution File, Format Version 12.00
# Visual Studio Version 16
VisualStudioVersion = 16.0.29519.181
MinimumVisualStudioVersion = 10.0.40219.1
Project("{FAE04EC0-301F-11D3-BF4B-00C04F79EFBC}") = "ForumEngine", "ForumEngine.csproj", "{814D92D5-8437-4722-9A4B-CDEF3ACDEAD1}"
EndProject
Global
	GlobalSection(SolutionConfigurationPlatforms) = preSolution
		Debug|Any CPU = Debug|Any CPU
		Release|Any CPU = Release|Any CPU
	EndGlobalSection
	GlobalSection(ProjectConfigurationPlatforms) = postSolution
		{814D92D5-8437-4722-9A4B-CDEF3ACDEAD1}.Debug|Any CPU.ActiveCfg = Debug|Any CPU
		{814D92D5-8437-4722-9A4B-CDEF3ACDEAD1}.Debug|Any CPU.Build.0 = Debug|Any CPU
		{814D92D5-8437-4722-9A4B-CDEF3ACDEAD1}.Release|Any CPU.ActiveCfg = Release|Any CPU
		{814D92D5-8437-4722-9A4B-CDEF3ACDEAD1}.Release|Any CPU.Build.0 = Release|Any CPU
	EndGlobalSection
	GlobalSection(SolutionProperties) = preSolution
		HideSolutionNode = FALSE
	EndGlobalSection
	GlobalSection(ExtensibilityGlobals) = postSolution
		SolutionGuid = {D3C06955-BB5F-4846-8329-489B7840020A}
	EndGlobalSection
EndGlobal
